
Microsoft Visual Studio Solution File, Format Version 12.00
# Visual Studio Version 16
VisualStudioVersion = 16.0.31025.194
MinimumVisualStudioVersion = 10.0.40219.1
Project("{8BC9CEB8-8B4A-11D0-8D11-00A0C91BC942}") = "ShootingGame", "ShootingGame\ShootingGame.vcxproj", "{E37963DA-A39D-42C6-9D89-9274C21CC3C2}"
EndProject
Global
	GlobalSection(SolutionConfigurationPlatforms) = preSolution
		Debug|x64 = Debug|x64
		Debug|x86 = Debug|x86
		Release|x64 = Release|x64
		Release|x86 = Release|x86
	EndGlobalSection
	GlobalSection(ProjectConfigurationPlatforms) = postSolution
		{E37963DA-A39D-42C6-9D89-9274C21CC3C2}.Debug|x64.ActiveCfg = Debug|x64
		{E37963DA-A39D-42C6-9D89-9274C21CC3C2}.Debug|x64.Build.0 = Debug|x64
		{E37963DA-A39D-42C6-9D89-9274C21CC3C2}.Debug|x86.ActiveCfg = Debug|Win32
		{E37963DA-A39D-42C6-9D89-9274C21CC3C2}.Debug|x86.Build.0 = Debug|Win32
		{E37963DA-A39D-42C6-9D89-9274C21CC3C2}.Release|x64.ActiveCfg = Release|x64
		{E37963DA-A39D-42C6-9D89-9274C21CC3C2}.Release|x64.Build.0 = Release|x64
		{E37963DA-A39D-42C6-9D89-9274C21CC3C2}.Release|x86.ActiveCfg = Release|Win32
		{E37963DA-A39D-42C6-9D89-9274C21CC3C2}.Release|x86.Build.0 = Release|Win32
	EndGlobalSection
	GlobalSection(SolutionProperties) = preSolution
		HideSolutionNode = FALSE
	EndGlobalSection
	GlobalSection(ExtensibilityGlobals) = postSolution
		SolutionGuid = {11B05AA0-9EA9-4671-9AF0-9CB752396CB7}
	EndGlobalSection
EndGlobal
